// !$*UTF8*$!
{
	archiveVersion = 1;
	classes = {
	};
	objectVersion = 56;
	objects = {

/* Begin PBXBuildFile section */
		4078381529F845E200CA96B5 /* AppDelegate.swift in Sources */ = {isa = PBXBuildFile; fileRef = 4078381429F845E200CA96B5 /* AppDelegate.swift */; };
		4078381729F845E200CA96B5 /* SceneDelegate.swift in Sources */ = {isa = PBXBuildFile; fileRef = 4078381629F845E200CA96B5 /* SceneDelegate.swift */; };
		4078381E29F845E400CA96B5 /* Assets.xcassets in Resources */ = {isa = PBXBuildFile; fileRef = 4078381D29F845E400CA96B5 /* Assets.xcassets */; };
		4078382129F845E400CA96B5 /* LaunchScreen.storyboard in Resources */ = {isa = PBXBuildFile; fileRef = 4078381F29F845E400CA96B5 /* LaunchScreen.storyboard */; };
		4078382C29F845E400CA96B5 /* color__iOS_Tests.swift in Sources */ = {isa = PBXBuildFile; fileRef = 4078382B29F845E400CA96B5 /* color__iOS_Tests.swift */; };
		4078383629F845E400CA96B5 /* color__iOS_UITests.swift in Sources */ = {isa = PBXBuildFile; fileRef = 4078383529F845E400CA96B5 /* color__iOS_UITests.swift */; };
		4078383829F845E400CA96B5 /* color__iOS_UITestsLaunchTests.swift in Sources */ = {isa = PBXBuildFile; fileRef = 4078383729F845E400CA96B5 /* color__iOS_UITestsLaunchTests.swift */; };
		4078384529F8465900CA96B5 /* Main.storyboard in Resources */ = {isa = PBXBuildFile; fileRef = 4078384429F8465900CA96B5 /* Main.storyboard */; };
		4078384729F8475900CA96B5 /* ColorTableVC.swift in Sources */ = {isa = PBXBuildFile; fileRef = 4078384629F8475900CA96B5 /* ColorTableVC.swift */; };
		4078384929F8495B00CA96B5 /* ColorDetailVC.swift in Sources */ = {isa = PBXBuildFile; fileRef = 4078384829F8495B00CA96B5 /* ColorDetailVC.swift */; };
/* End PBXBuildFile section */

/* Begin PBXContainerItemProxy section */
		4078382829F845E400CA96B5 /* PBXContainerItemProxy */ = {
			isa = PBXContainerItemProxy;
			containerPortal = 4078380929F845E200CA96B5 /* Project object */;
			proxyType = 1;
			remoteGlobalIDString = 4078381029F845E200CA96B5;
			remoteInfo = "color-[iOS]";
		};
		4078383229F845E400CA96B5 /* PBXContainerItemProxy */ = {
			isa = PBXContainerItemProxy;
			containerPortal = 4078380929F845E200CA96B5 /* Project object */;
			proxyType = 1;
			remoteGlobalIDString = 4078381029F845E200CA96B5;
			remoteInfo = "color-[iOS]";
		};
/* End PBXContainerItemProxy section */

/* Begin PBXFileReference section */
		4078381129F845E200CA96B5 /* color-[iOS].app */ = {isa = PBXFileReference; explicitFileType = wrapper.application; includeInIndex = 0; path = "color-[iOS].app"; sourceTree = BUILT_PRODUCTS_DIR; };
		4078381429F845E200CA96B5 /* AppDelegate.swift */ = {isa = PBXFileReference; lastKnownFileType = sourcecode.swift; path = AppDelegate.swift; sourceTree = "<group>"; };
		4078381629F845E200CA96B5 /* SceneDelegate.swift */ = {isa = PBXFileReference; lastKnownFileType = sourcecode.swift; path = SceneDelegate.swift; sourceTree = "<group>"; };
		4078381D29F845E400CA96B5 /* Assets.xcassets */ = {isa = PBXFileReference; lastKnownFileType = folder.assetcatalog; path = Assets.xcassets; sourceTree = "<group>"; };
		4078382029F845E400CA96B5 /* Base */ = {isa = PBXFileReference; lastKnownFileType = file.storyboard; name = Base; path = Base.lproj/LaunchScreen.storyboard; sourceTree = "<group>"; };
		4078382229F845E400CA96B5 /* Info.plist */ = {isa = PBXFileReference; lastKnownFileType = text.plist.xml; path = Info.plist; sourceTree = "<group>"; };
		4078382729F845E400CA96B5 /* color-[iOS]Tests.xctest */ = {isa = PBXFileReference; explicitFileType = wrapper.cfbundle; includeInIndex = 0; path = "color-[iOS]Tests.xctest"; sourceTree = BUILT_PRODUCTS_DIR; };
		4078382B29F845E400CA96B5 /* color__iOS_Tests.swift */ = {isa = PBXFileReference; lastKnownFileType = sourcecode.swift; path = color__iOS_Tests.swift; sourceTree = "<group>"; };
		4078383129F845E400CA96B5 /* color-[iOS]UITests.xctest */ = {isa = PBXFileReference; explicitFileType = wrapper.cfbundle; includeInIndex = 0; path = "color-[iOS]UITests.xctest"; sourceTree = BUILT_PRODUCTS_DIR; };
		4078383529F845E400CA96B5 /* color__iOS_UITests.swift */ = {isa = PBXFileReference; lastKnownFileType = sourcecode.swift; path = color__iOS_UITests.swift; sourceTree = "<group>"; };
		4078383729F845E400CA96B5 /* color__iOS_UITestsLaunchTests.swift */ = {isa = PBXFileReference; lastKnownFileType = sourcecode.swift; path = color__iOS_UITestsLaunchTests.swift; sourceTree = "<group>"; };
		4078384429F8465900CA96B5 /* Main.storyboard */ = {isa = PBXFileReference; fileEncoding = 4; lastKnownFileType = file.storyboard; path = Main.storyboard; sourceTree = "<group>"; };
		4078384629F8475900CA96B5 /* ColorTableVC.swift */ = {isa = PBXFileReference; lastKnownFileType = sourcecode.swift; path = ColorTableVC.swift; sourceTree = "<group>"; };
		4078384829F8495B00CA96B5 /* ColorDetailVC.swift */ = {isa = PBXFileReference; lastKnownFileType = sourcecode.swift; path = ColorDetailVC.swift; sourceTree = "<group>"; };
/* End PBXFileReference section */

/* Begin PBXFrameworksBuildPhase section */
		4078380E29F845E200CA96B5 /* Frameworks */ = {
			isa = PBXFrameworksBuildPhase;
			buildActionMask = 2147483647;
			files = (
			);
			runOnlyForDeploymentPostprocessing = 0;
		};
		4078382429F845E400CA96B5 /* Frameworks */ = {
			isa = PBXFrameworksBuildPhase;
			buildActionMask = 2147483647;
			files = (
			);
			runOnlyForDeploymentPostprocessing = 0;
		};
		4078382E29F845E400CA96B5 /* Frameworks */ = {
			isa = PBXFrameworksBuildPhase;
			buildActionMask = 2147483647;
			files = (
			);
			runOnlyForDeploymentPostprocessing = 0;
		};
/* End PBXFrameworksBuildPhase section */

/* Begin PBXGroup section */
		4078380829F845E200CA96B5 = {
			isa = PBXGroup;
			children = (
				4078381329F845E200CA96B5 /* color-[iOS] */,
				4078382A29F845E400CA96B5 /* color-[iOS]Tests */,
				4078383429F845E400CA96B5 /* color-[iOS]UITests */,
				4078381229F845E200CA96B5 /* Products */,
			);
			sourceTree = "<group>";
		};
		4078381229F845E200CA96B5 /* Products */ = {
			isa = PBXGroup;
			children = (
				4078381129F845E200CA96B5 /* color-[iOS].app */,
				4078382729F845E400CA96B5 /* color-[iOS]Tests.xctest */,
				4078383129F845E400CA96B5 /* color-[iOS]UITests.xctest */,
			);
			name = Products;
			sourceTree = "<group>";
		};
		4078381329F845E200CA96B5 /* color-[iOS] */ = {
			isa = PBXGroup;
			children = (
				4078381429F845E200CA96B5 /* AppDelegate.swift */,
				4078381629F845E200CA96B5 /* SceneDelegate.swift */,
				4078384429F8465900CA96B5 /* Main.storyboard */,
				4078381D29F845E400CA96B5 /* Assets.xcassets */,
				4078381F29F845E400CA96B5 /* LaunchScreen.storyboard */,
				4078382229F845E400CA96B5 /* Info.plist */,
				4078384629F8475900CA96B5 /* ColorTableVC.swift */,
				4078384829F8495B00CA96B5 /* ColorDetailVC.swift */,
			);
			path = "color-[iOS]";
			sourceTree = "<group>";
		};
		4078382A29F845E400CA96B5 /* color-[iOS]Tests */ = {
			isa = PBXGroup;
			children = (
				4078382B29F845E400CA96B5 /* color__iOS_Tests.swift */,
			);
			path = "color-[iOS]Tests";
			sourceTree = "<group>";
		};
		4078383429F845E400CA96B5 /* color-[iOS]UITests */ = {
			isa = PBXGroup;
			children = (
				4078383529F845E400CA96B5 /* color__iOS_UITests.swift */,
				4078383729F845E400CA96B5 /* color__iOS_UITestsLaunchTests.swift */,
			);
			path = "color-[iOS]UITests";
			sourceTree = "<group>";
		};
/* End PBXGroup section */

/* Begin PBXNativeTarget section */
		4078381029F845E200CA96B5 /* color-[iOS] */ = {
			isa = PBXNativeTarget;
			buildConfigurationList = 4078383B29F845E400CA96B5 /* Build configuration list for PBXNativeTarget "color-[iOS]" */;
			buildPhases = (
				4078380D29F845E200CA96B5 /* Sources */,
				4078380E29F845E200CA96B5 /* Frameworks */,
				4078380F29F845E200CA96B5 /* Resources */,
			);
			buildRules = (
			);
			dependencies = (
			);
			name = "color-[iOS]";
			productName = "color-[iOS]";
			productReference = 4078381129F845E200CA96B5 /* color-[iOS].app */;
			productType = "com.apple.product-type.application";
		};
		4078382629F845E400CA96B5 /* color-[iOS]Tests */ = {
			isa = PBXNativeTarget;
			buildConfigurationList = 4078383E29F845E400CA96B5 /* Build configuration list for PBXNativeTarget "color-[iOS]Tests" */;
			buildPhases = (
				4078382329F845E400CA96B5 /* Sources */,
				4078382429F845E400CA96B5 /* Frameworks */,
				4078382529F845E400CA96B5 /* Resources */,
			);
			buildRules = (
			);
			dependencies = (
				4078382929F845E400CA96B5 /* PBXTargetDependency */,
			);
			name = "color-[iOS]Tests";
			productName = "color-[iOS]Tests";
			productReference = 4078382729F845E400CA96B5 /* color-[iOS]Tests.xctest */;
			productType = "com.apple.product-type.bundle.unit-test";
		};
		4078383029F845E400CA96B5 /* color-[iOS]UITests */ = {
			isa = PBXNativeTarget;
			buildConfigurationList = 4078384129F845E400CA96B5 /* Build configuration list for PBXNativeTarget "color-[iOS]UITests" */;
			buildPhases = (
				4078382D29F845E400CA96B5 /* Sources */,
				4078382E29F845E400CA96B5 /* Frameworks */,
				4078382F29F845E400CA96B5 /* Resources */,
			);
			buildRules = (
			);
			dependencies = (
				4078383329F845E400CA96B5 /* PBXTargetDependency */,
			);
			name = "color-[iOS]UITests";
			productName = "color-[iOS]UITests";
			productReference = 4078383129F845E400CA96B5 /* color-[iOS]UITests.xctest */;
			productType = "com.apple.product-type.bundle.ui-testing";
		};
/* End PBXNativeTarget section */

/* Begin PBXProject section */
		4078380929F845E200CA96B5 /* Project object */ = {
			isa = PBXProject;
			attributes = {
				BuildIndependentTargetsInParallel = 1;
				LastSwiftUpdateCheck = 1430;
				LastUpgradeCheck = 1430;
				TargetAttributes = {
					4078381029F845E200CA96B5 = {
						CreatedOnToolsVersion = 14.3;
					};
					4078382629F845E400CA96B5 = {
						CreatedOnToolsVersion = 14.3;
						TestTargetID = 4078381029F845E200CA96B5;
					};
					4078383029F845E400CA96B5 = {
						CreatedOnToolsVersion = 14.3;
						TestTargetID = 4078381029F845E200CA96B5;
					};
				};
			};
			buildConfigurationList = 4078380C29F845E200CA96B5 /* Build configuration list for PBXProject "color-[iOS]" */;
			compatibilityVersion = "Xcode 14.0";
			developmentRegion = en;
			hasScannedForEncodings = 0;
			knownRegions = (
				en,
				Base,
			);
			mainGroup = 4078380829F845E200CA96B5;
			productRefGroup = 4078381229F845E200CA96B5 /* Products */;
			projectDirPath = "";
			projectRoot = "";
			targets = (
				4078381029F845E200CA96B5 /* color-[iOS] */,
				4078382629F845E400CA96B5 /* color-[iOS]Tests */,
				4078383029F845E400CA96B5 /* color-[iOS]UITests */,
			);
		};
/* End PBXProject section */

/* Begin PBXResourcesBuildPhase section */
		4078380F29F845E200CA96B5 /* Resources */ = {
			isa = PBXResourcesBuildPhase;
			buildActionMask = 2147483647;
			files = (
				4078384529F8465900CA96B5 /* Main.storyboard in Resources */,
				4078382129F845E400CA96B5 /* LaunchScreen.storyboard in Resources */,
				4078381E29F845E400CA96B5 /* Assets.xcassets in Resources */,
			);
			runOnlyForDeploymentPostprocessing = 0;
		};
		4078382529F845E400CA96B5 /* Resources */ = {
			isa = PBXResourcesBuildPhase;
			buildActionMask = 2147483647;
			files = (
			);
			runOnlyForDeploymentPostprocessing = 0;
		};
		4078382F29F845E400CA96B5 /* Resources */ = {
			isa = PBXResourcesBuildPhase;
			buildActionMask = 2147483647;
			files = (
			);
			runOnlyForDeploymentPostprocessing = 0;
		};
/* End PBXResourcesBuildPhase section */

/* Begin PBXSourcesBuildPhase section */
		4078380D29F845E200CA96B5 /* Sources */ = {
			isa = PBXSourcesBuildPhase;
			buildActionMask = 2147483647;
			files = (
				4078384729F8475900CA96B5 /* ColorTableVC.swift in Sources */,
				4078384929F8495B00CA96B5 /* ColorDetailVC.swift in Sources */,
				4078381529F845E200CA96B5 /* AppDelegate.swift in Sources */,
				4078381729F845E200CA96B5 /* SceneDelegate.swift in Sources */,
			);
			runOnlyForDeploymentPostprocessing = 0;
		};
		4078382329F845E400CA96B5 /* Sources */ = {
			isa = PBXSourcesBuildPhase;
			buildActionMask = 2147483647;
			files = (
				4078382C29F845E400CA96B5 /* color__iOS_Tests.swift in Sources */,
			);
			runOnlyForDeploymentPostprocessing = 0;
		};
		4078382D29F845E400CA96B5 /* Sources */ = {
			isa = PBXSourcesBuildPhase;
			buildActionMask = 2147483647;
			files = (
				4078383829F845E400CA96B5 /* color__iOS_UITestsLaunchTests.swift in Sources */,
				4078383629F845E400CA96B5 /* color__iOS_UITests.swift in Sources */,
			);
			runOnlyForDeploymentPostprocessing = 0;
		};
/* End PBXSourcesBuildPhase section */

/* Begin PBXTargetDependency section */
		4078382929F845E400CA96B5 /* PBXTargetDependency */ = {
			isa = PBXTargetDependency;
			target = 4078381029F845E200CA96B5 /* color-[iOS] */;
			targetProxy = 4078382829F845E400CA96B5 /* PBXContainerItemProxy */;
		};
		4078383329F845E400CA96B5 /* PBXTargetDependency */ = {
			isa = PBXTargetDependency;
			target = 4078381029F845E200CA96B5 /* color-[iOS] */;
			targetProxy = 4078383229F845E400CA96B5 /* PBXContainerItemProxy */;
		};
/* End PBXTargetDependency section */

/* Begin PBXVariantGroup section */
		4078381F29F845E400CA96B5 /* LaunchScreen.storyboard */ = {
			isa = PBXVariantGroup;
			children = (
				4078382029F845E400CA96B5 /* Base */,
			);
			name = LaunchScreen.storyboard;
			sourceTree = "<group>";
		};
/* End PBXVariantGroup section */

/* Begin XCBuildConfiguration section */
		4078383929F845E400CA96B5 /* Debug */ = {
			isa = XCBuildConfiguration;
			buildSettings = {
				ALWAYS_SEARCH_USER_PATHS = NO;
				CLANG_ANALYZER_NONNULL = YES;
				CLANG_ANALYZER_NUMBER_OBJECT_CONVERSION = YES_AGGRESSIVE;
				CLANG_CXX_LANGUAGE_STANDARD = "gnu++20";
				CLANG_ENABLE_MODULES = YES;
				CLANG_ENABLE_OBJC_ARC = YES;
				CLANG_ENABLE_OBJC_WEAK = YES;
				CLANG_WARN_BLOCK_CAPTURE_AUTORELEASING = YES;
				CLANG_WARN_BOOL_CONVERSION = YES;
				CLANG_WARN_COMMA = YES;
				CLANG_WARN_CONSTANT_CONVERSION = YES;
				CLANG_WARN_DEPRECATED_OBJC_IMPLEMENTATIONS = YES;
				CLANG_WARN_DIRECT_OBJC_ISA_USAGE = YES_ERROR;
				CLANG_WARN_DOCUMENTATION_COMMENTS = YES;
				CLANG_WARN_EMPTY_BODY = YES;
				CLANG_WARN_ENUM_CONVERSION = YES;
				CLANG_WARN_INFINITE_RECURSION = YES;
				CLANG_WARN_INT_CONVERSION = YES;
				CLANG_WARN_NON_LITERAL_NULL_CONVERSION = YES;
				CLANG_WARN_OBJC_IMPLICIT_RETAIN_SELF = YES;
				CLANG_WARN_OBJC_LITERAL_CONVERSION = YES;
				CLANG_WARN_OBJC_ROOT_CLASS = YES_ERROR;
				CLANG_WARN_QUOTED_INCLUDE_IN_FRAMEWORK_HEADER = YES;
				CLANG_WARN_RANGE_LOOP_ANALYSIS = YES;
				CLANG_WARN_STRICT_PROTOTYPES = YES;
				CLANG_WARN_SUSPICIOUS_MOVE = YES;
				CLANG_WARN_UNGUARDED_AVAILABILITY = YES_AGGRESSIVE;
				CLANG_WARN_UNREACHABLE_CODE = YES;
				CLANG_WARN__DUPLICATE_METHOD_MATCH = YES;
				COPY_PHASE_STRIP = NO;
				DEBUG_INFORMATION_FORMAT = dwarf;
				ENABLE_STRICT_OBJC_MSGSEND = YES;
				ENABLE_TESTABILITY = YES;
				GCC_C_LANGUAGE_STANDARD = gnu11;
				GCC_DYNAMIC_NO_PIC = NO;
				GCC_NO_COMMON_BLOCKS = YES;
				GCC_OPTIMIZATION_LEVEL = 0;
				GCC_PREPROCESSOR_DEFINITIONS = (
					"DEBUG=1",
					"$(inherited)",
				);
				GCC_WARN_64_TO_32_BIT_CONVERSION = YES;
				GCC_WARN_ABOUT_RETURN_TYPE = YES_ERROR;
				GCC_WARN_UNDECLARED_SELECTOR = YES;
				GCC_WARN_UNINITIALIZED_AUTOS = YES_AGGRESSIVE;
				GCC_WARN_UNUSED_FUNCTION = YES;
				GCC_WARN_UNUSED_VARIABLE = YES;
				IPHONEOS_DEPLOYMENT_TARGET = 16.4;
				MTL_ENABLE_DEBUG_INFO = INCLUDE_SOURCE;
				MTL_FAST_MATH = YES;
				ONLY_ACTIVE_ARCH = YES;
				SDKROOT = iphoneos;
				SWIFT_ACTIVE_COMPILATION_CONDITIONS = DEBUG;
				SWIFT_OPTIMIZATION_LEVEL = "-Onone";
			};
			name = Debug;
		};
		4078383A29F845E400CA96B5 /* Release */ = {
			isa = XCBuildConfiguration;
			buildSettings = {
				ALWAYS_SEARCH_USER_PATHS = NO;
				CLANG_ANALYZER_NONNULL = YES;
				CLANG_ANALYZER_NUMBER_OBJECT_CONVERSION = YES_AGGRESSIVE;
				CLANG_CXX_LANGUAGE_STANDARD = "gnu++20";
				CLANG_ENABLE_MODULES = YES;
				CLANG_ENABLE_OBJC_ARC = YES;
				CLANG_ENABLE_OBJC_WEAK = YES;
				CLANG_WARN_BLOCK_CAPTURE_AUTORELEASING = YES;
				CLANG_WARN_BOOL_CONVERSION = YES;
				CLANG_WARN_COMMA = YES;
				CLANG_WARN_CONSTANT_CONVERSION = YES;
				CLANG_WARN_DEPRECATED_OBJC_IMPLEMENTATIONS = YES;
				CLANG_WARN_DIRECT_OBJC_ISA_USAGE = YES_ERROR;
				CLANG_WARN_DOCUMENTATION_COMMENTS = YES;
				CLANG_WARN_EMPTY_BODY = YES;
				CLANG_WARN_ENUM_CONVERSION = YES;
				CLANG_WARN_INFINITE_RECURSION = YES;
				CLANG_WARN_INT_CONVERSION = YES;
				CLANG_WARN_NON_LITERAL_NULL_CONVERSION = YES;
				CLANG_WARN_OBJC_IMPLICIT_RETAIN_SELF = YES;
				CLANG_WARN_OBJC_LITERAL_CONVERSION = YES;
				CLANG_WARN_OBJC_ROOT_CLASS = YES_ERROR;
				CLANG_WARN_QUOTED_INCLUDE_IN_FRAMEWORK_HEADER = YES;
				CLANG_WARN_RANGE_LOOP_ANALYSIS = YES;
				CLANG_WARN_STRICT_PROTOTYPES = YES;
				CLANG_WARN_SUSPICIOUS_MOVE = YES;
				CLANG_WARN_UNGUARDED_AVAILABILITY = YES_AGGRESSIVE;
				CLANG_WARN_UNREACHABLE_CODE = YES;
				CLANG_WARN__DUPLICATE_METHOD_MATCH = YES;
				COPY_PHASE_STRIP = NO;
				DEBUG_INFORMATION_FORMAT = "dwarf-with-dsym";
				ENABLE_NS_ASSERTIONS = NO;
				ENABLE_STRICT_OBJC_MSGSEND = YES;
				GCC_C_LANGUAGE_STANDARD = gnu11;
				GCC_NO_COMMON_BLOCKS = YES;
				GCC_WARN_64_TO_32_BIT_CONVERSION = YES;
				GCC_WARN_ABOUT_RETURN_TYPE = YES_ERROR;
				GCC_WARN_UNDECLARED_SELECTOR = YES;
				GCC_WARN_UNINITIALIZED_AUTOS = YES_AGGRESSIVE;
				GCC_WARN_UNUSED_FUNCTION = YES;
				GCC_WARN_UNUSED_VARIABLE = YES;
				IPHONEOS_DEPLOYMENT_TARGET = 16.4;
				MTL_ENABLE_DEBUG_INFO = NO;
				MTL_FAST_MATH = YES;
				SDKROOT = iphoneos;
				SWIFT_COMPILATION_MODE = wholemodule;
				SWIFT_OPTIMIZATION_LEVEL = "-O";
				VALIDATE_PRODUCT = YES;
			};
			name = Release;
		};
		4078383C29F845E400CA96B5 /* Debug */ = {
			isa = XCBuildConfiguration;
			buildSettings = {
				ASSETCATALOG_COMPILER_APPICON_NAME = AppIcon;
				ASSETCATALOG_COMPILER_GLOBAL_ACCENT_COLOR_NAME = AccentColor;
				CODE_SIGN_STYLE = Automatic;
				CURRENT_PROJECT_VERSION = 1;
				DEVELOPMENT_TEAM = D5M38GX662;
				GENERATE_INFOPLIST_FILE = YES;
				INFOPLIST_FILE = "color-[iOS]/Info.plist";
				INFOPLIST_KEY_UIApplicationSupportsIndirectInputEvents = YES;
				INFOPLIST_KEY_UILaunchStoryboardName = LaunchScreen;
				INFOPLIST_KEY_UIMainStoryboardFile = Main;
				INFOPLIST_KEY_UISupportedInterfaceOrientations_iPad = "UIInterfaceOrientationPortrait UIInterfaceOrientationPortraitUpsideDown UIInterfaceOrientationLandscapeLeft UIInterfaceOrientationLandscapeRight";
				INFOPLIST_KEY_UISupportedInterfaceOrientations_iPhone = "UIInterfaceOrientationPortrait UIInterfaceOrientationLandscapeLeft UIInterfaceOrientationLandscapeRight";
				LD_RUNPATH_SEARCH_PATHS = (
					"$(inherited)",
					"@executable_path/Frameworks",
				);
				MARKETING_VERSION = 1.0;
				PRODUCT_BUNDLE_IDENTIFIER = "com.pravalappdev.color--iOS-";
				PRODUCT_NAME = "$(TARGET_NAME)";
				SWIFT_EMIT_LOC_STRINGS = YES;
				SWIFT_VERSION = 5.0;
				TARGETED_DEVICE_FAMILY = "1,2";
			};
			name = Debug;
		};
		4078383D29F845E400CA96B5 /* Release */ = {
			isa = XCBuildConfiguration;
			buildSettings = {
				ASSETCATALOG_COMPILER_APPICON_NAME = AppIcon;
				ASSETCATALOG_COMPILER_GLOBAL_ACCENT_COLOR_NAME = AccentColor;
				CODE_SIGN_STYLE = Automatic;
				CURRENT_PROJECT_VERSION = 1;
				DEVELOPMENT_TEAM = D5M38GX662;
				GENERATE_INFOPLIST_FILE = YES;
				INFOPLIST_FILE = "color-[iOS]/Info.plist";
				INFOPLIST_KEY_UIApplicationSupportsIndirectInputEvents = YES;
				INFOPLIST_KEY_UILaunchStoryboardName = LaunchScreen;
				INFOPLIST_KEY_UIMainStoryboardFile = Main;
				INFOPLIST_KEY_UISupportedInterfaceOrientations_iPad = "UIInterfaceOrientationPortrait UIInterfaceOrientationPortraitUpsideDown UIInterfaceOrientationLandscapeLeft UIInterfaceOrientationLandscapeRight";
				INFOPLIST_KEY_UISupportedInterfaceOrientations_iPhone = "UIInterfaceOrientationPortrait UIInterfaceOrientationLandscapeLeft UIInterfaceOrientationLandscapeRight";
				LD_RUNPATH_SEARCH_PATHS = (
					"$(inherited)",
					"@executable_path/Frameworks",
				);
				MARKETING_VERSION = 1.0;
				PRODUCT_BUNDLE_IDENTIFIER = "com.pravalappdev.color--iOS-";
				PRODUCT_NAME = "$(TARGET_NAME)";
				SWIFT_EMIT_LOC_STRINGS = YES;
				SWIFT_VERSION = 5.0;
				TARGETED_DEVICE_FAMILY = "1,2";
			};
			name = Release;
		};
		4078383F29F845E400CA96B5 /* Debug */ = {
			isa = XCBuildConfiguration;
			buildSettings = {
				ALWAYS_EMBED_SWIFT_STANDARD_LIBRARIES = YES;
				BUNDLE_LOADER = "$(TEST_HOST)";
				CODE_SIGN_STYLE = Automatic;
				CURRENT_PROJECT_VERSION = 1;
				DEVELOPMENT_TEAM = D5M38GX662;
				GENERATE_INFOPLIST_FILE = YES;
				IPHONEOS_DEPLOYMENT_TARGET = 16.4;
				MARKETING_VERSION = 1.0;
				PRODUCT_BUNDLE_IDENTIFIER = "com.pravalappdev.color--iOS-Tests";
				PRODUCT_NAME = "$(TARGET_NAME)";
				SWIFT_EMIT_LOC_STRINGS = NO;
				SWIFT_VERSION = 5.0;
				TARGETED_DEVICE_FAMILY = "1,2";
				TEST_HOST = "$(BUILT_PRODUCTS_DIR)/color-[iOS].app/$(BUNDLE_EXECUTABLE_FOLDER_PATH)/color-[iOS]";
			};
			name = Debug;
		};
		4078384029F845E400CA96B5 /* Release */ = {
			isa = XCBuildConfiguration;
			buildSettings = {
				ALWAYS_EMBED_SWIFT_STANDARD_LIBRARIES = YES;
				BUNDLE_LOADER = "$(TEST_HOST)";
				CODE_SIGN_STYLE = Automatic;
				CURRENT_PROJECT_VERSION = 1;
				DEVELOPMENT_TEAM = D5M38GX662;
				GENERATE_INFOPLIST_FILE = YES;
				IPHONEOS_DEPLOYMENT_TARGET = 16.4;
				MARKETING_VERSION = 1.0;
				PRODUCT_BUNDLE_IDENTIFIER = "com.pravalappdev.color--iOS-Tests";
				PRODUCT_NAME = "$(TARGET_NAME)";
				SWIFT_EMIT_LOC_STRINGS = NO;
				SWIFT_VERSION = 5.0;
				TARGETED_DEVICE_FAMILY = "1,2";
				TEST_HOST = "$(BUILT_PRODUCTS_DIR)/color-[iOS].app/$(BUNDLE_EXECUTABLE_FOLDER_PATH)/color-[iOS]";
			};
			name = Release;
		};
		4078384229F845E400CA96B5 /* Debug */ = {
			isa = XCBuildConfiguration;
			buildSettings = {
				ALWAYS_EMBED_SWIFT_STANDARD_LIBRARIES = YES;
				CODE_SIGN_STYLE = Automatic;
				CURRENT_PROJECT_VERSION = 1;
				DEVELOPMENT_TEAM = D5M38GX662;
				GENERATE_INFOPLIST_FILE = YES;
				MARKETING_VERSION = 1.0;
				PRODUCT_BUNDLE_IDENTIFIER = "com.pravalappdev.color--iOS-UITests";
				PRODUCT_NAME = "$(TARGET_NAME)";
				SWIFT_EMIT_LOC_STRINGS = NO;
				SWIFT_VERSION = 5.0;
				TARGETED_DEVICE_FAMILY = "1,2";
				TEST_TARGET_NAME = "color-[iOS]";
			};
			name = Debug;
		};
		4078384329F845E400CA96B5 /* Release */ = {
			isa = XCBuildConfiguration;
			buildSettings = {
				ALWAYS_EMBED_SWIFT_STANDARD_LIBRARIES = YES;
				CODE_SIGN_STYLE = Automatic;
				CURRENT_PROJECT_VERSION = 1;
				DEVELOPMENT_TEAM = D5M38GX662;
				GENERATE_INFOPLIST_FILE = YES;
				MARKETING_VERSION = 1.0;
				PRODUCT_BUNDLE_IDENTIFIER = "com.pravalappdev.color--iOS-UITests";
				PRODUCT_NAME = "$(TARGET_NAME)";
				SWIFT_EMIT_LOC_STRINGS = NO;
				SWIFT_VERSION = 5.0;
				TARGETED_DEVICE_FAMILY = "1,2";
				TEST_TARGET_NAME = "color-[iOS]";
			};
			name = Release;
		};
/* End XCBuildConfiguration section */

/* Begin XCConfigurationList section */
		4078380C29F845E200CA96B5 /* Build configuration list for PBXProject "color-[iOS]" */ = {
			isa = XCConfigurationList;
			buildConfigurations = (
				4078383929F845E400CA96B5 /* Debug */,
				4078383A29F845E400CA96B5 /* Release */,
			);
			defaultConfigurationIsVisible = 0;
			defaultConfigurationName = Release;
		};
		4078383B29F845E400CA96B5 /* Build configuration list for PBXNativeTarget "color-[iOS]" */ = {
			isa = XCConfigurationList;
			buildConfigurations = (
				4078383C29F845E400CA96B5 /* Debug */,
				4078383D29F845E400CA96B5 /* Release */,
			);
			defaultConfigurationIsVisible = 0;
			defaultConfigurationName = Release;
		};
		4078383E29F845E400CA96B5 /* Build configuration list for PBXNativeTarget "color-[iOS]Tests" */ = {
			isa = XCConfigurationList;
			buildConfigurations = (
				4078383F29F845E400CA96B5 /* Debug */,
				4078384029F845E400CA96B5 /* Release */,
			);
			defaultConfigurationIsVisible = 0;
			defaultConfigurationName = Release;
		};
		4078384129F845E400CA96B5 /* Build configuration list for PBXNativeTarget "color-[iOS]UITests" */ = {
			isa = XCConfigurationList;
			buildConfigurations = (
				4078384229F845E400CA96B5 /* Debug */,
				4078384329F845E400CA96B5 /* Release */,
			);
			defaultConfigurationIsVisible = 0;
			defaultConfigurationName = Release;
		};
/* End XCConfigurationList section */
	};
	rootObject = 4078380929F845E200CA96B5 /* Project object */;
}
